
Microsoft Visual Studio Solution File, Format Version 12.00
# Visual Studio 15
VisualStudioVersion = 15.0.28307.271
MinimumVisualStudioVersion = 10.0.40219.1
Project("{FAE04EC0-301F-11D3-BF4B-00C04F79EFBC}") = "Advinhacao", "Adivinhacao\Advinhacao.csproj", "{F4EA80C2-2546-4F37-86B1-538A0123E714}"
EndProject
Global
	GlobalSection(SolutionConfigurationPlatforms) = preSolution
		Debug|Any CPU = Debug|Any CPU
		Release|Any CPU = Release|Any CPU
	EndGlobalSection
	GlobalSection(ProjectConfigurationPlatforms) = postSolution
		{F4EA80C2-2546-4F37-86B1-538A0123E714}.Debug|Any CPU.ActiveCfg = Debug|Any CPU
		{F4EA80C2-2546-4F37-86B1-538A0123E714}.Debug|Any CPU.Build.0 = Debug|Any CPU
		{F4EA80C2-2546-4F37-86B1-538A0123E714}.Release|Any CPU.ActiveCfg = Release|Any CPU
		{F4EA80C2-2546-4F37-86B1-538A0123E714}.Release|Any CPU.Build.0 = Release|Any CPU
	EndGlobalSection
	GlobalSection(SolutionProperties) = preSolution
		HideSolutionNode = FALSE
	EndGlobalSection
	GlobalSection(ExtensibilityGlobals) = postSolution
		SolutionGuid = {569BBF29-3C0C-4E7E-A1A3-720EC2998539}
	EndGlobalSection
EndGlobal
